{
  "requires": true,
  "lockfileVersion": 1,
  "dependencies": {
    "@type-challenges/utils": {
      "version": "0.1.1",
      "resolved": "https://registry.npmmirror.com/@type-challenges/utils/download/@type-challenges/utils-0.1.1.tgz",
      "integrity": "sha1-GM4on7hMrxwT7uIRIm2/K8YZXtM="
    }
  }
}
